{
  "name": "Belkevich_2",
  "lockfileVersion": 2,
  "requires": true,
  "packages": {
    "": {
      "dependencies": {
        "air-datepicker": "^3.4.0"
      },
      "devDependencies": {
        "vanillajs-datepicker": "^1.3.4"
      }
    },
    "node_modules/air-datepicker": {
      "version": "3.4.0",
      "resolved": "https://registry.npmjs.org/air-datepicker/-/air-datepicker-3.4.0.tgz",
      "integrity": "sha512-MFr+2QYdHgrbd6Ah32hxoSCsmNJdrhYSkhr6hhefLpJBtsvX7zdYSvizsCJg15B2000NrEXep8UCYOsWy39iiw=="
    },
    "node_modules/vanillajs-datepicker": {
      "version": "1.3.4",
      "resolved": "https://registry.npmjs.org/vanillajs-datepicker/-/vanillajs-datepicker-1.3.4.tgz",
      "integrity": "sha512-waOyp2Ay+K1VA/B5cNlFgSNzFR9efCVKaoyMyNEAhAwmKLzMB9nCJs6Vqmo6HuHWA98VEHXbgz5thZ7hH/uohA==",
      "dev": true
    }
  },
  "dependencies": {
    "air-datepicker": {
      "version": "3.4.0",
      "resolved": "https://registry.npmjs.org/air-datepicker/-/air-datepicker-3.4.0.tgz",
      "integrity": "sha512-MFr+2QYdHgrbd6Ah32hxoSCsmNJdrhYSkhr6hhefLpJBtsvX7zdYSvizsCJg15B2000NrEXep8UCYOsWy39iiw=="
    },
    "vanillajs-datepicker": {
      "version": "1.3.4",
      "resolved": "https://registry.npmjs.org/vanillajs-datepicker/-/vanillajs-datepicker-1.3.4.tgz",
      "integrity": "sha512-waOyp2Ay+K1VA/B5cNlFgSNzFR9efCVKaoyMyNEAhAwmKLzMB9nCJs6Vqmo6HuHWA98VEHXbgz5thZ7hH/uohA==",
      "dev": true
    }
  }
}
